
Microsoft Visual Studio Solution File, Format Version 12.00
# Visual Studio Version 17
VisualStudioVersion = 17.3.32804.467
MinimumVisualStudioVersion = 10.0.40219.1
Project("{FAE04EC0-301F-11D3-BF4B-00C04F79EFBC}") = "SomeApp", "SomeApp.csproj", "{B1F9C403-92DB-4C99-84C3-D34AAAA3D9A7}"
EndProject
Project("{FAE04EC0-301F-11D3-BF4B-00C04F79EFBC}") = "SomeApp.UseCases", "..\SomeApp.UseCases\SomeApp.UseCases.csproj", "{7F199079-47FF-4CD6-972D-BBC9C1D268E2}"
EndProject
Project("{FAE04EC0-301F-11D3-BF4B-00C04F79EFBC}") = "SomeApp.Contracts", "..\SomeApp.Contracts\SomeApp.Contracts.csproj", "{D4D76006-BA68-442B-B855-11713AE5CF2D}"
EndProject
Project("{FAE04EC0-301F-11D3-BF4B-00C04F79EFBC}") = "SomeApp.Infrastructure.Implementation", "..\SomeApp.Infrastructure\SomeApp.Infrastructure.Implementation.csproj", "{3E3E6BFB-C806-46AF-B7DB-04DCBB908CA6}"
EndProject
Project("{FAE04EC0-301F-11D3-BF4B-00C04F79EFBC}") = "SomeApp.Infrastructure.Interfaces", "..\SomeApp.Infrastructure.Interfaces\SomeApp.Infrastructure.Interfaces.csproj", "{20E75AE9-1574-483A-9002-21C46FB507C0}"
EndProject
Global
	GlobalSection(SolutionConfigurationPlatforms) = preSolution
		Debug|Any CPU = Debug|Any CPU
		Release|Any CPU = Release|Any CPU
	EndGlobalSection
	GlobalSection(ProjectConfigurationPlatforms) = postSolution
		{B1F9C403-92DB-4C99-84C3-D34AAAA3D9A7}.Debug|Any CPU.ActiveCfg = Debug|Any CPU
		{B1F9C403-92DB-4C99-84C3-D34AAAA3D9A7}.Debug|Any CPU.Build.0 = Debug|Any CPU
		{B1F9C403-92DB-4C99-84C3-D34AAAA3D9A7}.Release|Any CPU.ActiveCfg = Release|Any CPU
		{B1F9C403-92DB-4C99-84C3-D34AAAA3D9A7}.Release|Any CPU.Build.0 = Release|Any CPU
		{7F199079-47FF-4CD6-972D-BBC9C1D268E2}.Debug|Any CPU.ActiveCfg = Debug|Any CPU
		{7F199079-47FF-4CD6-972D-BBC9C1D268E2}.Debug|Any CPU.Build.0 = Debug|Any CPU
		{7F199079-47FF-4CD6-972D-BBC9C1D268E2}.Release|Any CPU.ActiveCfg = Release|Any CPU
		{7F199079-47FF-4CD6-972D-BBC9C1D268E2}.Release|Any CPU.Build.0 = Release|Any CPU
		{D4D76006-BA68-442B-B855-11713AE5CF2D}.Debug|Any CPU.ActiveCfg = Debug|Any CPU
		{D4D76006-BA68-442B-B855-11713AE5CF2D}.Debug|Any CPU.Build.0 = Debug|Any CPU
		{D4D76006-BA68-442B-B855-11713AE5CF2D}.Release|Any CPU.ActiveCfg = Release|Any CPU
		{D4D76006-BA68-442B-B855-11713AE5CF2D}.Release|Any CPU.Build.0 = Release|Any CPU
		{3E3E6BFB-C806-46AF-B7DB-04DCBB908CA6}.Debug|Any CPU.ActiveCfg = Debug|Any CPU
		{3E3E6BFB-C806-46AF-B7DB-04DCBB908CA6}.Debug|Any CPU.Build.0 = Debug|Any CPU
		{3E3E6BFB-C806-46AF-B7DB-04DCBB908CA6}.Release|Any CPU.ActiveCfg = Release|Any CPU
		{3E3E6BFB-C806-46AF-B7DB-04DCBB908CA6}.Release|Any CPU.Build.0 = Release|Any CPU
		{20E75AE9-1574-483A-9002-21C46FB507C0}.Debug|Any CPU.ActiveCfg = Debug|Any CPU
		{20E75AE9-1574-483A-9002-21C46FB507C0}.Debug|Any CPU.Build.0 = Debug|Any CPU
		{20E75AE9-1574-483A-9002-21C46FB507C0}.Release|Any CPU.ActiveCfg = Release|Any CPU
		{20E75AE9-1574-483A-9002-21C46FB507C0}.Release|Any CPU.Build.0 = Release|Any CPU
	EndGlobalSection
	GlobalSection(SolutionProperties) = preSolution
		HideSolutionNode = FALSE
	EndGlobalSection
	GlobalSection(ExtensibilityGlobals) = postSolution
		SolutionGuid = {E7B018C5-C644-4952-A07F-E0B1022E045D}
	EndGlobalSection
EndGlobal
